Microsoft Visual Studio Solution File, Format Version 12.00
# Visual Studio Version 17
VisualStudioVersion = 17.0.31903.59
MinimumVisualStudioVersion = 10.0.40219.1
Project("{FAE04EC0-301F-11D3-BF4B-00C04F79EFBC}") = "MediStack.Dominio", "src\MediStack.Dominio\MediStack.Dominio.csproj", "{0A32DC2C-85E0-44AE-AE96-FD026FCA7BE1}"
EndProject
Project("{FAE04EC0-301F-11D3-BF4B-00C04F79EFBC}") = "MediStack.Datos", "src\MediStack.Datos\MediStack.Datos.csproj", "{F9F2EC7D-877A-4155-86D1-F9426C3F7E12}"
EndProject
Project("{FAE04EC0-301F-11D3-BF4B-00C04F79EFBC}") = "MediStack.Negocio", "src\MediStack.Negocio\MediStack.Negocio.csproj", "{73FB5D75-F355-48F7-BC2E-28871A587E04}"
EndProject
Project("{FAE04EC0-301F-11D3-BF4B-00C04F79EFBC}") = "MediStack.Web", "src\MediStack.Web\MediStack.Web.csproj", "{98BECF90-BA52-4634-B045-5F18E8478D22}"
EndProject
Global
	GlobalSection(SolutionConfigurationPlatforms) = preSolution
		Debug|Any CPU = Debug|Any CPU
		Release|Any CPU = Release|Any CPU
	EndGlobalSection
	GlobalSection(ProjectConfigurationPlatforms) = postSolution
		{0A32DC2C-85E0-44AE-AE96-FD026FCA7BE1}.Debug|Any CPU.ActiveCfg = Debug|Any CPU
		{0A32DC2C-85E0-44AE-AE96-FD026FCA7BE1}.Debug|Any CPU.Build.0 = Debug|Any CPU
		{0A32DC2C-85E0-44AE-AE96-FD026FCA7BE1}.Release|Any CPU.ActiveCfg = Release|Any CPU
		{0A32DC2C-85E0-44AE-AE96-FD026FCA7BE1}.Release|Any CPU.Build.0 = Release|Any CPU
		{F9F2EC7D-877A-4155-86D1-F9426C3F7E12}.Debug|Any CPU.ActiveCfg = Debug|Any CPU
		{F9F2EC7D-877A-4155-86D1-F9426C3F7E12}.Debug|Any CPU.Build.0 = Debug|Any CPU
		{F9F2EC7D-877A-4155-86D1-F9426C3F7E12}.Release|Any CPU.ActiveCfg = Release|Any CPU
		{F9F2EC7D-877A-4155-86D1-F9426C3F7E12}.Release|Any CPU.Build.0 = Release|Any CPU
		{73FB5D75-F355-48F7-BC2E-28871A587E04}.Debug|Any CPU.ActiveCfg = Debug|Any CPU
		{73FB5D75-F355-48F7-BC2E-28871A587E04}.Debug|Any CPU.Build.0 = Debug|Any CPU
		{73FB5D75-F355-48F7-BC2E-28871A587E04}.Release|Any CPU.ActiveCfg = Release|Any CPU
		{73FB5D75-F355-48F7-BC2E-28871A587E04}.Release|Any CPU.Build.0 = Release|Any CPU
		{98BECF90-BA52-4634-B045-5F18E8478D22}.Debug|Any CPU.ActiveCfg = Debug|Any CPU
		{98BECF90-BA52-4634-B045-5F18E8478D22}.Debug|Any CPU.Build.0 = Debug|Any CPU
		{98BECF90-BA52-4634-B045-5F18E8478D22}.Release|Any CPU.ActiveCfg = Release|Any CPU
		{98BECF90-BA52-4634-B045-5F18E8478D22}.Release|Any CPU.Build.0 = Release|Any CPU
	EndGlobalSection
	GlobalSection(SolutionProperties) = preSolution
		HideSolutionNode = FALSE
	EndGlobalSection
EndGlobal
